{
  "nodes": {
    "nixpkgs": {
      "locked": {
        "lastModified": 1762482733,
        "narHash": "sha256-g/da4FzvckvbiZT075Sb1/YDNDr+tGQgh4N8i5ceYMg=",
        "ref": "nixpkgs-unstable",
        "rev": "e1ebeec86b771e9d387dd02d82ffdc77ac753abc",
        "shallow": true,
        "type": "git",
        "url": "https://mirrors.tuna.tsinghua.edu.cn/git/nixpkgs.git"
      },
      "original": {
        "ref": "nixpkgs-unstable",
        "shallow": true,
        "type": "git",
        "url": "https://mirrors.tuna.tsinghua.edu.cn/git/nixpkgs.git"
      }
    },
    "root": {
      "inputs": {
        "nixpkgs": "nixpkgs"
      }
    }
  },
  "root": "root",
  "version": 7
}
